
Microsoft Visual Studio Solution File, Format Version 12.00
# Visual Studio Version 16
VisualStudioVersion = 16.0.31019.35
MinimumVisualStudioVersion = 10.0.40219.1
Project("{FAE04EC0-301F-11D3-BF4B-00C04F79EFBC}") = "Ex04.Menus.Interfaces", "Ex04.Menus.Interfaces\Ex04.Menus.Interfaces.csproj", "{5E0BA4D7-50F5-47AD-8D8F-C127D86154A7}"
EndProject
Project("{FAE04EC0-301F-11D3-BF4B-00C04F79EFBC}") = "Ex04.Menus.Delegates", "Ex04.Menus.Delegates\Ex04.Menus.Delegates.csproj", "{2706A661-0343-4661-9569-903A0B469D9A}"
EndProject
Project("{FAE04EC0-301F-11D3-BF4B-00C04F79EFBC}") = "Ex04.Menus.Test", "Ex04.Menus.Test\Ex04.Menus.Test.csproj", "{35F9BD87-F094-4EFE-96B5-0FE26C64F3F5}"
EndProject
Global
	GlobalSection(SolutionConfigurationPlatforms) = preSolution
		Debug|Any CPU = Debug|Any CPU
		Release|Any CPU = Release|Any CPU
	EndGlobalSection
	GlobalSection(ProjectConfigurationPlatforms) = postSolution
		{5E0BA4D7-50F5-47AD-8D8F-C127D86154A7}.Debug|Any CPU.ActiveCfg = Debug|Any CPU
		{5E0BA4D7-50F5-47AD-8D8F-C127D86154A7}.Debug|Any CPU.Build.0 = Debug|Any CPU
		{5E0BA4D7-50F5-47AD-8D8F-C127D86154A7}.Release|Any CPU.ActiveCfg = Release|Any CPU
		{5E0BA4D7-50F5-47AD-8D8F-C127D86154A7}.Release|Any CPU.Build.0 = Release|Any CPU
		{2706A661-0343-4661-9569-903A0B469D9A}.Debug|Any CPU.ActiveCfg = Debug|Any CPU
		{2706A661-0343-4661-9569-903A0B469D9A}.Debug|Any CPU.Build.0 = Debug|Any CPU
		{2706A661-0343-4661-9569-903A0B469D9A}.Release|Any CPU.ActiveCfg = Release|Any CPU
		{2706A661-0343-4661-9569-903A0B469D9A}.Release|Any CPU.Build.0 = Release|Any CPU
		{35F9BD87-F094-4EFE-96B5-0FE26C64F3F5}.Debug|Any CPU.ActiveCfg = Debug|Any CPU
		{35F9BD87-F094-4EFE-96B5-0FE26C64F3F5}.Debug|Any CPU.Build.0 = Debug|Any CPU
		{35F9BD87-F094-4EFE-96B5-0FE26C64F3F5}.Release|Any CPU.ActiveCfg = Release|Any CPU
		{35F9BD87-F094-4EFE-96B5-0FE26C64F3F5}.Release|Any CPU.Build.0 = Release|Any CPU
	EndGlobalSection
	GlobalSection(SolutionProperties) = preSolution
		HideSolutionNode = FALSE
	EndGlobalSection
	GlobalSection(ExtensibilityGlobals) = postSolution
		SolutionGuid = {D338BBE2-FA61-4AD2-9269-4B5EE8F29836}
	EndGlobalSection
EndGlobal
